
Microsoft Visual Studio Solution File, Format Version 12.00
# Visual Studio 2012
Project("{FAE04EC0-301F-11D3-BF4B-00C04F79EFBC}") = "Infrastructure", "Infrastructure\Infrastructure.csproj", "{A3ECC9A6-5115-4A46-85E4-64185F8F2412}"
EndProject
Project("{FAE04EC0-301F-11D3-BF4B-00C04F79EFBC}") = "Web", "Web\Web.csproj", "{AB492981-4868-4E33-97A6-E8AA02BED4D0}"
EndProject
Global
	GlobalSection(SolutionConfigurationPlatforms) = preSolution
		Debug|Any CPU = Debug|Any CPU
		Release|Any CPU = Release|Any CPU
	EndGlobalSection
	GlobalSection(ProjectConfigurationPlatforms) = postSolution
		{A3ECC9A6-5115-4A46-85E4-64185F8F2412}.Debug|Any CPU.ActiveCfg = Debug|Any CPU
		{A3ECC9A6-5115-4A46-85E4-64185F8F2412}.Debug|Any CPU.Build.0 = Debug|Any CPU
		{A3ECC9A6-5115-4A46-85E4-64185F8F2412}.Release|Any CPU.ActiveCfg = Release|Any CPU
		{A3ECC9A6-5115-4A46-85E4-64185F8F2412}.Release|Any CPU.Build.0 = Release|Any CPU
		{AB492981-4868-4E33-97A6-E8AA02BED4D0}.Debug|Any CPU.ActiveCfg = Debug|Any CPU
		{AB492981-4868-4E33-97A6-E8AA02BED4D0}.Debug|Any CPU.Build.0 = Debug|Any CPU
		{AB492981-4868-4E33-97A6-E8AA02BED4D0}.Release|Any CPU.ActiveCfg = Release|Any CPU
		{AB492981-4868-4E33-97A6-E8AA02BED4D0}.Release|Any CPU.Build.0 = Release|Any CPU
	EndGlobalSection
	GlobalSection(SolutionProperties) = preSolution
		HideSolutionNode = FALSE
	EndGlobalSection
EndGlobal
